
Microsoft Visual Studio Solution File, Format Version 12.00
# Visual Studio Version 16
VisualStudioVersion = 16.0.31613.86
MinimumVisualStudioVersion = 10.0.40219.1
Project("{FAE04EC0-301F-11D3-BF4B-00C04F79EFBC}") = "Statistics And Optimization Of Steel Cutting", "Statistics And Optimization Of Steel Cutting\Statistics And Optimization Of Steel Cutting.csproj", "{99DC3839-7BED-43B5-9CF3-7AED77B89AFD}"
EndProject
Project("{FAE04EC0-301F-11D3-BF4B-00C04F79EFBC}") = "Stactistics And Optimization Of Steel Cutting (Without .Net Framework)", "Stactistics And Optimization Of Steel Cutting (Without .Net Framework)\Stactistics And Optimization Of Steel Cutting (Without .Net Framework).csproj", "{8E71C0F6-B046-42CA-A40A-977EEAF331E4}"
EndProject
Global
	GlobalSection(SolutionConfigurationPlatforms) = preSolution
		Debug|Any CPU = Debug|Any CPU
		Release|Any CPU = Release|Any CPU
	EndGlobalSection
	GlobalSection(ProjectConfigurationPlatforms) = postSolution
		{99DC3839-7BED-43B5-9CF3-7AED77B89AFD}.Debug|Any CPU.ActiveCfg = Debug|Any CPU
		{99DC3839-7BED-43B5-9CF3-7AED77B89AFD}.Debug|Any CPU.Build.0 = Debug|Any CPU
		{99DC3839-7BED-43B5-9CF3-7AED77B89AFD}.Release|Any CPU.ActiveCfg = Release|Any CPU
		{99DC3839-7BED-43B5-9CF3-7AED77B89AFD}.Release|Any CPU.Build.0 = Release|Any CPU
		{8E71C0F6-B046-42CA-A40A-977EEAF331E4}.Debug|Any CPU.ActiveCfg = Debug|Any CPU
		{8E71C0F6-B046-42CA-A40A-977EEAF331E4}.Debug|Any CPU.Build.0 = Debug|Any CPU
		{8E71C0F6-B046-42CA-A40A-977EEAF331E4}.Release|Any CPU.ActiveCfg = Release|Any CPU
		{8E71C0F6-B046-42CA-A40A-977EEAF331E4}.Release|Any CPU.Build.0 = Release|Any CPU
	EndGlobalSection
	GlobalSection(SolutionProperties) = preSolution
		HideSolutionNode = FALSE
	EndGlobalSection
	GlobalSection(ExtensibilityGlobals) = postSolution
		SolutionGuid = {896B22BF-B653-45B0-A261-3834B3AC2C4C}
	EndGlobalSection
EndGlobal
